
Microsoft Visual Studio Solution File, Format Version 12.00
# Visual Studio Version 17
VisualStudioVersion = 17.13.35825.156 d17.13
MinimumVisualStudioVersion = 10.0.40219.1
Project("{FAE04EC0-301F-11D3-BF4B-00C04F79EFBC}") = "GestionDeTaches", "GestionDeTaches\GestionDeTaches.csproj", "{0FD8B862-CE5B-4DD2-AC4B-F71242423F40}"
EndProject
Global
	GlobalSection(SolutionConfigurationPlatforms) = preSolution
		Debug|Any CPU = Debug|Any CPU
		Release|Any CPU = Release|Any CPU
	EndGlobalSection
	GlobalSection(ProjectConfigurationPlatforms) = postSolution
		{0FD8B862-CE5B-4DD2-AC4B-F71242423F40}.Debug|Any CPU.ActiveCfg = Debug|Any CPU
		{0FD8B862-CE5B-4DD2-AC4B-F71242423F40}.Debug|Any CPU.Build.0 = Debug|Any CPU
		{0FD8B862-CE5B-4DD2-AC4B-F71242423F40}.Release|Any CPU.ActiveCfg = Release|Any CPU
		{0FD8B862-CE5B-4DD2-AC4B-F71242423F40}.Release|Any CPU.Build.0 = Release|Any CPU
	EndGlobalSection
	GlobalSection(SolutionProperties) = preSolution
		HideSolutionNode = FALSE
	EndGlobalSection
	GlobalSection(ExtensibilityGlobals) = postSolution
		SolutionGuid = {82E572A9-DA96-40B0-A00E-9468D36FB844}
	EndGlobalSection
EndGlobal
